
Microsoft Visual Studio Solution File, Format Version 12.00
# Visual Studio Version 16
VisualStudioVersion = 16.0.30804.86
MinimumVisualStudioVersion = 10.0.40219.1
Project("{FAE04EC0-301F-11D3-BF4B-00C04F79EFBC}") = "ScruMster", "ScruMster.csproj", "{B72FB4C5-6D88-454B-9302-E479ED829127}"
EndProject
Global
	GlobalSection(SolutionConfigurationPlatforms) = preSolution
		Debug|Any CPU = Debug|Any CPU
		Release|Any CPU = Release|Any CPU
	EndGlobalSection
	GlobalSection(ProjectConfigurationPlatforms) = postSolution
		{B72FB4C5-6D88-454B-9302-E479ED829127}.Debug|Any CPU.ActiveCfg = Debug|Any CPU
		{B72FB4C5-6D88-454B-9302-E479ED829127}.Debug|Any CPU.Build.0 = Debug|Any CPU
		{B72FB4C5-6D88-454B-9302-E479ED829127}.Release|Any CPU.ActiveCfg = Release|Any CPU
		{B72FB4C5-6D88-454B-9302-E479ED829127}.Release|Any CPU.Build.0 = Release|Any CPU
	EndGlobalSection
	GlobalSection(SolutionProperties) = preSolution
		HideSolutionNode = FALSE
	EndGlobalSection
	GlobalSection(ExtensibilityGlobals) = postSolution
		SolutionGuid = {3A0D7C86-E15A-4E89-B037-63166F186E46}
	EndGlobalSection
EndGlobal
